{
  "projects": [
    {
      "projectId": "gEDnAkutJxpj72EWzRAHSD",
      "version": "latest",
      "dependencies": {},
      "lang": "ts",
      "fileLocks": [
        {
          "type": "globalVariant",
          "assetId": "Zmu7Agtju1Hx",
          "checksum": "b01bc3b47f235d34ee8aa7c43251cf53"
        },
        {
          "assetId": "gEDnAkutJxpj72EWzRAHSD",
          "checksum": "ed063be47987614aad7a99c0774caa37",
          "type": "globalContexts"
        },
        {
          "type": "renderModule",
          "assetId": "1BOjDDqTx3n0",
          "checksum": "3c689a77cdf6ab9c04ff549f504728ee"
        },
        {
          "type": "cssRules",
          "assetId": "1BOjDDqTx3n0",
          "checksum": "3c689a77cdf6ab9c04ff549f504728ee"
        },
        {
          "type": "renderModule",
          "assetId": "6MnfNJVvTAWL",
          "checksum": "ad6fa488376d0e0f9b9b05ae4e791a13"
        },
        {
          "type": "cssRules",
          "assetId": "6MnfNJVvTAWL",
          "checksum": "ad6fa488376d0e0f9b9b05ae4e791a13"
        },
        {
          "type": "renderModule",
          "assetId": "K1YTnPhaTLTK",
          "checksum": "04fe273611da8a1225f30cd001166103"
        },
        {
          "type": "cssRules",
          "assetId": "K1YTnPhaTLTK",
          "checksum": "04fe273611da8a1225f30cd001166103"
        },
        {
          "type": "renderModule",
          "assetId": "owuqEWnNvgl-",
          "checksum": "3ba90c0f9d88a683f674b0887ad01789"
        },
        {
          "type": "cssRules",
          "assetId": "owuqEWnNvgl-",
          "checksum": "3ba90c0f9d88a683f674b0887ad01789"
        },
        {
          "type": "renderModule",
          "assetId": "Q411fchfzhH8",
          "checksum": "8b3be2716a49a1c7aec0f331c96fb136"
        },
        {
          "type": "cssRules",
          "assetId": "Q411fchfzhH8",
          "checksum": "8b3be2716a49a1c7aec0f331c96fb136"
        },
        {
          "type": "renderModule",
          "assetId": "idu9Mj8HNthX",
          "checksum": "c6d24935d9206184e7d8dacfe41112bf"
        },
        {
          "type": "cssRules",
          "assetId": "idu9Mj8HNthX",
          "checksum": "c6d24935d9206184e7d8dacfe41112bf"
        },
        {
          "type": "icon",
          "assetId": "34EZUZ-LpeBk",
          "checksum": "e6384314fb71d35ce0fefc48f97178fd"
        },
        {
          "type": "icon",
          "assetId": "IHM8-Xo0VmZ0",
          "checksum": "af09805d1d1d19c9f0065c5e99b68f38"
        },
        {
          "type": "icon",
          "assetId": "vit4xWfP5Wem",
          "checksum": "101fc5a06299b6b941ec83418cf729c5"
        },
        {
          "type": "icon",
          "assetId": "rGFylZh7BJNP",
          "checksum": "fac484ecfab50ef4e75a6f314bbb6005"
        },
        {
          "type": "icon",
          "assetId": "syr8Iyb9Vv7f",
          "checksum": "b8e93e940e1c860e8eae7c3681fa9290"
        },
        {
          "type": "icon",
          "assetId": "0AYERC81ZVuR",
          "checksum": "2f823c52593459d308ce646a50c081b0"
        },
        {
          "type": "icon",
          "assetId": "26U81VLiynhs",
          "checksum": "21d8c1739e9db5ecd1b4e498cc8856f6"
        },
        {
          "type": "icon",
          "assetId": "d6lRgkADHPon",
          "checksum": "9c23d2b333cfca28025229076213f6b8"
        },
        {
          "type": "icon",
          "assetId": "UDVt1_teZ5L8",
          "checksum": "2f600b681c11bd135f45913a69ea7e85"
        },
        {
          "type": "icon",
          "assetId": "c4av0FQK4p3h",
          "checksum": "32d43e7f4aa13e19afacab6ce35eddb4"
        },
        {
          "type": "image",
          "assetId": "rTKNI_mJh9WH",
          "checksum": "69debb6f34e166b1cb06b0993d33c6a1"
        },
        {
          "type": "image",
          "assetId": "6Tlew6GsOJAB",
          "checksum": "6e7448e22ad63b8297d47fe178f67ee8"
        },
        {
          "type": "image",
          "assetId": "ox8h2cpkGa4X",
          "checksum": "e8862a7ab8ee07820c250d3cd2ef6f0a"
        },
        {
          "type": "image",
          "assetId": "I1BkwSsCzEDp",
          "checksum": "d1e4bd593056229d4192f0278dfb5d90"
        },
        {
          "type": "image",
          "assetId": "4m3NhAZusTzn",
          "checksum": "20f12a118e2d447f9fb6052dee6917c0"
        },
        {
          "type": "image",
          "assetId": "Q0ffUEMSAVAS",
          "checksum": "1ab125b4079f72777a06f14a949731e5"
        },
        {
          "type": "image",
          "assetId": "MvfY0Fwm7tPh",
          "checksum": "1d3ef69adc94c446da5cc8e49dcd2a03"
        },
        {
          "type": "image",
          "assetId": "C6AVEaGCpUWo",
          "checksum": "62e2a8afaa994a0842559999c081b89e"
        },
        {
          "type": "image",
          "assetId": "QjRG--dbD5D0",
          "checksum": "265f89f91a1e9009064729ad5392b928"
        },
        {
          "type": "image",
          "assetId": "jd0zD_cEevTV",
          "checksum": "305925885ce51a70be9fc5f678fe74b7"
        },
        {
          "type": "image",
          "assetId": "qeH3ob8uCVHH",
          "checksum": "20ac83f595a525ea54cbb3edfd6334cb"
        },
        {
          "type": "image",
          "assetId": "WT-yWkjsqOaA",
          "checksum": "6113629f7699da10e5a6f66489a3676d"
        },
        {
          "type": "image",
          "assetId": "EdC5_siqoPD3",
          "checksum": "b4a767cd727222246576429394b1cdba"
        },
        {
          "type": "image",
          "assetId": "CT6badBMqpJv",
          "checksum": "2873948f834250a94e7183ce8816cde8"
        },
        {
          "type": "image",
          "assetId": "lEhOLxEiJfbm",
          "checksum": "a1211eb3a5da30d89da0c8b43c79876a"
        },
        {
          "type": "image",
          "assetId": "pZWXo727knhl",
          "checksum": "07b56180fecf5fef6082e9724ef0c65d"
        },
        {
          "type": "image",
          "assetId": "pEcWzpeTwNqu",
          "checksum": "d9aeeec34315c24e76a77ff34cd1da38"
        },
        {
          "type": "image",
          "assetId": "kE1XUHsCC7nt",
          "checksum": "75eda9c3e6bd5e68875577a1953f7bcc"
        },
        {
          "type": "image",
          "assetId": "H5yNucH-DmEM",
          "checksum": "5f3305335c7ac46356a2c328ecde12d0"
        },
        {
          "type": "image",
          "assetId": "qU0CPx4BHsfb",
          "checksum": "11331500c11640c7ddede1071eff23f9"
        },
        {
          "type": "image",
          "assetId": "mjv6qGN9ZN0I",
          "checksum": "f4abf29bef3718669e352510ae70fa40"
        },
        {
          "type": "image",
          "assetId": "diYgLiYML-me",
          "checksum": "eea93d3abffee317aa672a51b66499de"
        },
        {
          "type": "image",
          "assetId": "XGgFHSU8Q6OG",
          "checksum": "c121ec5578c698ff2d9460d828790b5e"
        },
        {
          "type": "image",
          "assetId": "oaE6beiYKg9e",
          "checksum": "289303b2e0d1331330bb7141d90969aa"
        },
        {
          "type": "image",
          "assetId": "o-kWRdYvy5i-",
          "checksum": "eb64be4b54ea3a3cd64181a7dc1c6c78"
        },
        {
          "type": "image",
          "assetId": "eQUfzATzoHo4",
          "checksum": "17af009f7b707b25a0533551a7feaf55"
        },
        {
          "assetId": "gEDnAkutJxpj72EWzRAHSD",
          "type": "projectCss",
          "checksum": "111f189026cd4f2bc111ffdccb1c4e6a"
        },
        {
          "type": "image",
          "assetId": "u6DcxbQIlXdL",
          "checksum": "5017dbda565ba792a25d6fb3eaf3c4c2"
        },
        {
          "type": "image",
          "assetId": "0MoJMYlx9QWz",
          "checksum": "a4ca5175da63b5beb8ba8054a3794d4b"
        },
        {
          "type": "image",
          "assetId": "7XOG_fAD1QjX",
          "checksum": "0f4d8c9da00969c07c98451024a55f43"
        },
        {
          "type": "image",
          "assetId": "2-RcjsYOEM-r",
          "checksum": "da57e638a708da023d880238d060e6c7"
        },
        {
          "type": "image",
          "assetId": "jJ7ago4mR9ej",
          "checksum": "acda2ce425fcb882b871467d51a46c65"
        }
      ],
      "codegenVersion": "0.0.1"
    }
  ],
  "cliVersion": "0.1.331"
}
